
Microsoft Visual Studio Solution File, Format Version 12.00
# Visual Studio Version 16
VisualStudioVersion = 16.0.32630.194
MinimumVisualStudioVersion = 10.0.40219.1
Project("{FAE04EC0-301F-11D3-BF4B-00C04F79EFBC}") = "MovieTime", "MovieTime\MovieTime.csproj", "{95B99D2C-D869-4705-8B83-C896B60F3856}"
EndProject
Global
	GlobalSection(SolutionConfigurationPlatforms) = preSolution
		Debug|Any CPU = Debug|Any CPU
		Release|Any CPU = Release|Any CPU
	EndGlobalSection
	GlobalSection(ProjectConfigurationPlatforms) = postSolution
		{95B99D2C-D869-4705-8B83-C896B60F3856}.Debug|Any CPU.ActiveCfg = Debug|Any CPU
		{95B99D2C-D869-4705-8B83-C896B60F3856}.Debug|Any CPU.Build.0 = Debug|Any CPU
		{95B99D2C-D869-4705-8B83-C896B60F3856}.Release|Any CPU.ActiveCfg = Release|Any CPU
		{95B99D2C-D869-4705-8B83-C896B60F3856}.Release|Any CPU.Build.0 = Release|Any CPU
	EndGlobalSection
	GlobalSection(SolutionProperties) = preSolution
		HideSolutionNode = FALSE
	EndGlobalSection
	GlobalSection(ExtensibilityGlobals) = postSolution
		SolutionGuid = {99989F20-DFD3-4B0F-BDB5-ED6C56E6B807}
	EndGlobalSection
EndGlobal
